
Microsoft Visual Studio Solution File, Format Version 12.00
# Visual Studio Version 17
VisualStudioVersion = 17.8.34601.278
MinimumVisualStudioVersion = 10.0.40219.1
Project("{FAE04EC0-301F-11D3-BF4B-00C04F79EFBC}") = "YoutubeDownloader", "YoutubeDownloader\YoutubeDownloader.csproj", "{7B6CD4BE-4A46-447D-8324-0F6EAF6E2762}"
EndProject
Global
	GlobalSection(SolutionConfigurationPlatforms) = preSolution
		Debug|Any CPU = Debug|Any CPU
		Release|Any CPU = Release|Any CPU
	EndGlobalSection
	GlobalSection(ProjectConfigurationPlatforms) = postSolution
		{7B6CD4BE-4A46-447D-8324-0F6EAF6E2762}.Debug|Any CPU.ActiveCfg = Debug|Any CPU
		{7B6CD4BE-4A46-447D-8324-0F6EAF6E2762}.Debug|Any CPU.Build.0 = Debug|Any CPU
		{7B6CD4BE-4A46-447D-8324-0F6EAF6E2762}.Release|Any CPU.ActiveCfg = Release|Any CPU
		{7B6CD4BE-4A46-447D-8324-0F6EAF6E2762}.Release|Any CPU.Build.0 = Release|Any CPU
	EndGlobalSection
	GlobalSection(SolutionProperties) = preSolution
		HideSolutionNode = FALSE
	EndGlobalSection
	GlobalSection(ExtensibilityGlobals) = postSolution
		SolutionGuid = {E908119C-5C4E-4338-91B6-274FC3283A40}
	EndGlobalSection
EndGlobal
